
Microsoft Visual Studio Solution File, Format Version 12.00
# Visual Studio Version 17
VisualStudioVersion = 17.4.33213.308
MinimumVisualStudioVersion = 10.0.40219.1
Project("{FAE04EC0-301F-11D3-BF4B-00C04F79EFBC}") = "Recursividad", "Recursividad.csproj", "{C81D1FEB-6D3F-4CCD-A89B-B6EDA6181E65}"
EndProject
Global
	GlobalSection(SolutionConfigurationPlatforms) = preSolution
		Debug|Any CPU = Debug|Any CPU
		Release|Any CPU = Release|Any CPU
	EndGlobalSection
	GlobalSection(ProjectConfigurationPlatforms) = postSolution
		{C81D1FEB-6D3F-4CCD-A89B-B6EDA6181E65}.Debug|Any CPU.ActiveCfg = Debug|Any CPU
		{C81D1FEB-6D3F-4CCD-A89B-B6EDA6181E65}.Debug|Any CPU.Build.0 = Debug|Any CPU
		{C81D1FEB-6D3F-4CCD-A89B-B6EDA6181E65}.Release|Any CPU.ActiveCfg = Release|Any CPU
		{C81D1FEB-6D3F-4CCD-A89B-B6EDA6181E65}.Release|Any CPU.Build.0 = Release|Any CPU
	EndGlobalSection
	GlobalSection(SolutionProperties) = preSolution
		HideSolutionNode = FALSE
	EndGlobalSection
	GlobalSection(ExtensibilityGlobals) = postSolution
		SolutionGuid = {EB5561EA-773E-4991-9E68-DCC5E1A8EC63}
	EndGlobalSection
EndGlobal
